github.com/0xrawsec/golang-utils v1.1.0 h1:opQAwRONEfxOOl4nxhpPkXiTYgzAw0/wFATAffNjdII=
github.com/0xrawsec/golang-utils v1.1.0/go.mod h1:DADTtCFY10qXjWmUVhhJqQIZdSweaHH4soYUDEi8mj0=
github.com/0xrawsec/golang-utils v1.1.3 h1:ESJhyY4aGuiP4hmDcDNjoL/cc7SWDZVfgg4dEON9eIc=
github.com/0xrawsec/golang-utils v1.1.3/go.mod h1:DADTtCFY10qXjWmUVhhJqQIZdSweaHH4soYUDEi8mj0=
github.com/0xrawsec/golang-utils v1.2.0 h1:wzPUcLLcx2NPV9txupkn7+KXOUuVG4zaKZ/Y5s7GJZQ=
github.com/0xrawsec/golang-utils v1.2.0/go.mod h1:DADTtCFY10qXjWmUVhhJqQIZdSweaHH4soYUDEi8mj0=
github.com/0xrawsec/golang-utils v1.3.0 h1:fMgwKu5M2PXFwEfwN9B2T1bfg7LPCaV9fL6Xs/nf2Ps=
github.com/0xrawsec/golang-utils v1.3.0/go.mod h1:DADTtCFY10qXjWmUVhhJqQIZdSweaHH4soYUDEi8mj0=
github.com/0xrawsec/golang-win32 v1.0.6 h1:wVvfd+trSeUkG6m5TFzeBtWHSHetfhPO3b5MVjTgsWk=
github.com/0xrawsec/golang-win32 v1.0.6/go.mod h1:MAxVU7dr8lujwknuhf4TwjYm8tVEELi2zwx1zDTu/RM=
github.com/golang/snappy v0.0.1 h1:Qgr9rKW7uDUkrbSmQeiDsGa8SjGyCOGtuasMWwvp2P4=
github.com/golang/snappy v0.0.1/go.mod h1:/XxbfmMg8lxefKM7IXC3fBNl/7bRcc72aCRzEWrmP2Q=
github.com/kr/fs v0.1.0/go.mod h1:FFnZGqtBN9Gxj7eW1uZ42v5BccTP0vu6NEaFoC2HwRg=
github.com/pkg/errors v0.8.1/go.mod h1:bwawxfHBFNV+L2hUp1rHADufV3IMtnDRdf1r5NINEl0=
github.com/pkg/sftp v1.10.0/go.mod h1:NxmoDg/QLVWluQDUYG7XBZTLUpKeFa8e3aMf1BfjyHk=
github.com/segmentio/kafka-go v0.2.2 h1:KIUln5unPisRL2yyAkZsDR/coiymN9Djunv6JKGQ6JI=
github.com/segmentio/kafka-go v0.2.2/go.mod h1:X6itGqS9L4jDletMsxZ7Dz+JFWxM6JHfPOCvTvk+EJo=
golang.org/x/crypto v0.0.0-20190308221718-c2843e01d9a2/go.mod h1:djNgcEr1/C05ACkg1iLfiJU5Ep61QUkGW8qpdssI0+w=
golang.org/x/crypto v0.0.0-20190621222207-cc06ce4a13d4/go.mod h1:yigFU9vqHzYiE8UmvKecakEJjdnWj3jj499lnFckfCI=
golang.org/x/net v0.0.0-20190311183353-d8887717615a/go.mod h1:t9HGtf8HONx5eT2rtn7q6eTqICYqUVnKs3thJo3Qplg=
golang.org/x/net v0.0.0-20190404232315-eb5bcb51f2a3/go.mod h1:t9HGtf8HONx5eT2rtn7q6eTqICYqUVnKs3thJo3Qplg=
golang.org/x/net v0.0.0-20190620200207-3b0461eec859/go.mod h1:z5CRVTTTmAJ677TzLLGU+0bjPO0LkuOLi4/5GtJWs/s=
golang.org/x/sync v0.0.0-20190423024810-112230192c58/go.mod h1:RxMgew5VJxzue5/jJTE5uejpjVlOe/izrB70Jof72aM=
golang.org/x/sys v0.0.0-20190215142949-d0b11bdaac8a/go.mod h1:STP8DvDyc/dI5b8T5hshtkjS+E42TnysNCUPdjciGhY=
golang.org/x/sys v0.0.0-20190412213103-97732733099d/go.mod h1:h1NjWce9XRLGQEsW7wpKNCjG9DtNlClVuFLEZdDNbEs=
golang.org/x/sys v0.0.0-20190626150813-e07cf5db2756/go.mod h1:h1NjWce9XRLGQEsW7wpKNCjG9DtNlClVuFLEZdDNbEs=
golang.org/x/text v0.3.0/go.mod h1:NqM8EUOU14njkJ3fqMW+pc6Ldnwhi/IjpwHt7yyuwOQ=
golang.org/x/text v0.3.2/go.mod h1:bEr9sfX3Q8Zfm5fL9x+3itogRgK3+ptLWKqgva+5dAk=
golang.org/x/tools v0.0.0-20180917221912-90fa682c2a6e/go.mod h1:n7NCudcB/nEzxVGmLbDWY5pfWTLqBcC2KZ6jyYvM4mQ=
golang.org/x/tools v0.0.0-20190320215829-36c10c0a621f/go.mod h1:LCzVGOaR6xXOjkQ3onu1FJEFr0SW1gC7cKk1uF8kGRs=
golang.org/x/tools v0.0.0-20190625160430-252024b82959/go.mod h1:/rFqwRUd4F7ZHNgwSSTFct+R/Kf4OFW1sUzUTQQTgfc=
